
Microsoft Visual Studio Solution File, Format Version 12.00
# Visual Studio Version 17
VisualStudioVersion = 17.5.33516.290
MinimumVisualStudioVersion = 10.0.40219.1
Project("{9A19103F-16F7-4668-BE54-9A1E7A4F7556}") = "BlazorPaletteGenerator", "BlazorPaletteGenerator.csproj", "{C1804587-8D3A-48BD-BC5F-F41712DF3181}"
EndProject
Global
	GlobalSection(SolutionConfigurationPlatforms) = preSolution
		Debug|Any CPU = Debug|Any CPU
		Release|Any CPU = Release|Any CPU
	EndGlobalSection
	GlobalSection(ProjectConfigurationPlatforms) = postSolution
		{C1804587-8D3A-48BD-BC5F-F41712DF3181}.Debug|Any CPU.ActiveCfg = Debug|Any CPU
		{C1804587-8D3A-48BD-BC5F-F41712DF3181}.Debug|Any CPU.Build.0 = Debug|Any CPU
		{C1804587-8D3A-48BD-BC5F-F41712DF3181}.Release|Any CPU.ActiveCfg = Release|Any CPU
		{C1804587-8D3A-48BD-BC5F-F41712DF3181}.Release|Any CPU.Build.0 = Release|Any CPU
	EndGlobalSection
	GlobalSection(SolutionProperties) = preSolution
		HideSolutionNode = FALSE
	EndGlobalSection
	GlobalSection(ExtensibilityGlobals) = postSolution
		SolutionGuid = {F250A78D-D6AB-48D1-A3F5-A91B0B1C866A}
	EndGlobalSection
EndGlobal
